
Microsoft Visual Studio Solution File, Format Version 12.00
# Visual Studio Version 17
VisualStudioVersion = 17.14.36414.22 d17.14
MinimumVisualStudioVersion = 10.0.40219.1
Project("{FAE04EC0-301F-11D3-BF4B-00C04F79EFBC}") = "Banking.Transaction", "Banking.Transaction.csproj", "{7E9457FE-6343-4FAE-A519-3C1F299BCFCC}"
EndProject
Global
	GlobalSection(SolutionConfigurationPlatforms) = preSolution
		Debug|Any CPU = Debug|Any CPU
		Release|Any CPU = Release|Any CPU
	EndGlobalSection
	GlobalSection(ProjectConfigurationPlatforms) = postSolution
		{7E9457FE-6343-4FAE-A519-3C1F299BCFCC}.Debug|Any CPU.ActiveCfg = Debug|Any CPU
		{7E9457FE-6343-4FAE-A519-3C1F299BCFCC}.Debug|Any CPU.Build.0 = Debug|Any CPU
		{7E9457FE-6343-4FAE-A519-3C1F299BCFCC}.Release|Any CPU.ActiveCfg = Release|Any CPU
		{7E9457FE-6343-4FAE-A519-3C1F299BCFCC}.Release|Any CPU.Build.0 = Release|Any CPU
	EndGlobalSection
	GlobalSection(SolutionProperties) = preSolution
		HideSolutionNode = FALSE
	EndGlobalSection
	GlobalSection(ExtensibilityGlobals) = postSolution
		SolutionGuid = {8EEDAE36-87D3-4561-A568-506E7EEB1823}
	EndGlobalSection
EndGlobal
